
Microsoft Visual Studio Solution File, Format Version 12.00
# Visual Studio 2012
Project("{FAE04EC0-301F-11D3-BF4B-00C04F79EFBC}") = "ProTeamManager2", "ProTeamManager2\ProTeamManager2.csproj", "{4565EDEB-7BE3-464F-B00C-E27C02738C1E}"
EndProject
Project("{FAE04EC0-301F-11D3-BF4B-00C04F79EFBC}") = "ProTeamManager2.Tests", "ProTeamManager2.Tests\ProTeamManager2.Tests.csproj", "{486BD18A-F0E4-45B3-83AE-9B95A65AF436}"
EndProject
Global
	GlobalSection(SolutionConfigurationPlatforms) = preSolution
		Debug|Any CPU = Debug|Any CPU
		Release|Any CPU = Release|Any CPU
	EndGlobalSection
	GlobalSection(ProjectConfigurationPlatforms) = postSolution
		{4565EDEB-7BE3-464F-B00C-E27C02738C1E}.Debug|Any CPU.ActiveCfg = Debug|Any CPU
		{4565EDEB-7BE3-464F-B00C-E27C02738C1E}.Debug|Any CPU.Build.0 = Debug|Any CPU
		{4565EDEB-7BE3-464F-B00C-E27C02738C1E}.Release|Any CPU.ActiveCfg = Release|Any CPU
		{4565EDEB-7BE3-464F-B00C-E27C02738C1E}.Release|Any CPU.Build.0 = Release|Any CPU
		{486BD18A-F0E4-45B3-83AE-9B95A65AF436}.Debug|Any CPU.ActiveCfg = Debug|Any CPU
		{486BD18A-F0E4-45B3-83AE-9B95A65AF436}.Debug|Any CPU.Build.0 = Debug|Any CPU
		{486BD18A-F0E4-45B3-83AE-9B95A65AF436}.Release|Any CPU.ActiveCfg = Release|Any CPU
		{486BD18A-F0E4-45B3-83AE-9B95A65AF436}.Release|Any CPU.Build.0 = Release|Any CPU
	EndGlobalSection
	GlobalSection(SolutionProperties) = preSolution
		HideSolutionNode = FALSE
	EndGlobalSection
EndGlobal
